// !$*UTF8*$!
{
	archiveVersion = 1;
	classes = {
	};
	objectVersion = 50;
	objects = {

/* Begin PBXBuildFile section */
		FA6BBA1821AB8FA800C3B29B /* StoreKit.framework in Frameworks */ = {isa = PBXBuildFile; fileRef = FAEC6AAC21A68ED400502AA7 /* StoreKit.framework */; };
		FA6BBA5F21ABC50800C3B29B /* SystemConfiguration.framework in Frameworks */ = {isa = PBXBuildFile; fileRef = FA6BBA5E21ABC50800C3B29B /* SystemConfiguration.framework */; };
		FA6BBA6121ABC51400C3B29B /* Security.framework in Frameworks */ = {isa = PBXBuildFile; fileRef = FA6BBA6021ABC51400C3B29B /* Security.framework */; };
		FA6BBA6521ABC56D00C3B29B /* libz.tbd in Frameworks */ = {isa = PBXBuildFile; fileRef = FA6BBA6421ABC56D00C3B29B /* libz.tbd */; };
		FA6BBAEA21ABDEF500C3B29B /* Fabric.framework in Frameworks */ = {isa = PBXBuildFile; fileRef = FA6BBAE821ABDEF500C3B29B /* Fabric.framework */; };
		FA6BBAEB21ABDEF500C3B29B /* Crashlytics.framework in Frameworks */ = {isa = PBXBuildFile; fileRef = FA6BBAE921ABDEF500C3B29B /* Crashlytics.framework */; };
		FA6BBAF521ABDF7800C3B29B /* Firebase.framework in Frameworks */ = {isa = PBXBuildFile; fileRef = FA6BBAEC21ABDF7700C3B29B /* Firebase.framework */; };
		FA6BBAF621ABDF7800C3B29B /* nanopb.framework in Frameworks */ = {isa = PBXBuildFile; fileRef = FA6BBAED21ABDF7700C3B29B /* nanopb.framework */; };
		FA6BBAF721ABDF7800C3B29B /* GoogleAppMeasurement.framework in Frameworks */ = {isa = PBXBuildFile; fileRef = FA6BBAEE21ABDF7700C3B29B /* GoogleAppMeasurement.framework */; };
		FA6BBAF821ABDF7800C3B29B /* FirebaseAnalytics.framework in Frameworks */ = {isa = PBXBuildFile; fileRef = FA6BBAEF21ABDF7700C3B29B /* FirebaseAnalytics.framework */; };
		FA6BBAF921ABDF7800C3B29B /* FirebaseCore.framework in Frameworks */ = {isa = PBXBuildFile; fileRef = FA6BBAF021ABDF7700C3B29B /* FirebaseCore.framework */; };
		FA6BBAFA21ABDF7800C3B29B /* FIRAnalyticsConnector.framework in Frameworks */ = {isa = PBXBuildFile; fileRef = FA6BBAF121ABDF7700C3B29B /* FIRAnalyticsConnector.framework */; };
		FA6BBAFB21ABDF7800C3B29B /* GoogleUtilities.framework in Frameworks */ = {isa = PBXBuildFile; fileRef = FA6BBAF221ABDF7700C3B29B /* GoogleUtilities.framework */; };
		FA6BBAFC21ABDF7800C3B29B /* FirebaseInstanceID.framework in Frameworks */ = {isa = PBXBuildFile; fileRef = FA6BBAF321ABDF7700C3B29B /* FirebaseInstanceID.framework */; };
		FA6BBAFD21ABDF7800C3B29B /* FirebaseCoreDiagnostics.framework in Frameworks */ = {isa = PBXBuildFile; fileRef = FA6BBAF421ABDF7800C3B29B /* FirebaseCoreDiagnostics.framework */; };
		FAA77AFD21A6463500BC1F68 /* AppDelegate.swift in Sources */ = {isa = PBXBuildFile; fileRef = FAA77AFC21A6463500BC1F68 /* AppDelegate.swift */; };
		FAA77AFF21A6463500BC1F68 /* ViewController.swift in Sources */ = {isa = PBXBuildFile; fileRef = FAA77AFE21A6463500BC1F68 /* ViewController.swift */; };
		FAA77B0221A6463500BC1F68 /* Main.storyboard in Resources */ = {isa = PBXBuildFile; fileRef = FAA77B0021A6463500BC1F68 /* Main.storyboard */; };
		FAA77B0421A6463600BC1F68 /* Assets.xcassets in Resources */ = {isa = PBXBuildFile; fileRef = FAA77B0321A6463600BC1F68 /* Assets.xcassets */; };
		FAA77B0721A6463600BC1F68 /* LaunchScreen.storyboard in Resources */ = {isa = PBXBuildFile; fileRef = FAA77B0521A6463600BC1F68 /* LaunchScreen.storyboard */; };
		FAEC6AA221A6811900502AA7 /* GoogleService-Info.plist in Resources */ = {isa = PBXBuildFile; fileRef = FAEC6AA121A6811900502AA7 /* GoogleService-Info.plist */; };
		FAEC6AA921A68E0500502AA7 /* libsqlite3.tbd in Frameworks */ = {isa = PBXBuildFile; fileRef = FAEC6AA521A68BB900502AA7 /* libsqlite3.tbd */; };
		FAEC6AAB21A68E1B00502AA7 /* libc++.tbd in Frameworks */ = {isa = PBXBuildFile; fileRef = FAEC6AAA21A68E1B00502AA7 /* libc++.tbd */; };
/* End PBXBuildFile section */

/* Begin PBXFileReference section */
		FA6BBA5E21ABC50800C3B29B /* SystemConfiguration.framework */ = {isa = PBXFileReference; lastKnownFileType = wrapper.framework; name = SystemConfiguration.framework; path = System/Library/Frameworks/SystemConfiguration.framework; sourceTree = SDKROOT; };
		FA6BBA6021ABC51400C3B29B /* Security.framework */ = {isa = PBXFileReference; lastKnownFileType = wrapper.framework; name = Security.framework; path = System/Library/Frameworks/Security.framework; sourceTree = SDKROOT; };
		FA6BBA6221ABC54600C3B29B /* UIKit.framework */ = {isa = PBXFileReference; lastKnownFileType = wrapper.framework; name = UIKit.framework; path = System/Library/Frameworks/UIKit.framework; sourceTree = SDKROOT; };
		FA6BBA6421ABC56D00C3B29B /* libz.tbd */ = {isa = PBXFileReference; lastKnownFileType = "sourcecode.text-based-dylib-definition"; name = libz.tbd; path = usr/lib/libz.tbd; sourceTree = SDKROOT; };
		FA6BBAE821ABDEF500C3B29B /* Fabric.framework */ = {isa = PBXFileReference; lastKnownFileType = wrapper.framework; name = Fabric.framework; path = Carthage/Build/iOS/Fabric.framework; sourceTree = "<group>"; };
		FA6BBAE921ABDEF500C3B29B /* Crashlytics.framework */ = {isa = PBXFileReference; lastKnownFileType = wrapper.framework; name = Crashlytics.framework; path = Carthage/Build/iOS/Crashlytics.framework; sourceTree = "<group>"; };
		FA6BBAEC21ABDF7700C3B29B /* Firebase.framework */ = {isa = PBXFileReference; lastKnownFileType = wrapper.framework; name = Firebase.framework; path = Carthage/Build/iOS/Firebase.framework; sourceTree = "<group>"; };
		FA6BBAED21ABDF7700C3B29B /* nanopb.framework */ = {isa = PBXFileReference; lastKnownFileType = wrapper.framework; name = nanopb.framework; path = Carthage/Build/iOS/nanopb.framework; sourceTree = "<group>"; };
		FA6BBAEE21ABDF7700C3B29B /* GoogleAppMeasurement.framework */ = {isa = PBXFileReference; lastKnownFileType = wrapper.framework; name = GoogleAppMeasurement.framework; path = Carthage/Build/iOS/GoogleAppMeasurement.framework; sourceTree = "<group>"; };
		FA6BBAEF21ABDF7700C3B29B /* FirebaseAnalytics.framework */ = {isa = PBXFileReference; lastKnownFileType = wrapper.framework; name = FirebaseAnalytics.framework; path = Carthage/Build/iOS/FirebaseAnalytics.framework; sourceTree = "<group>"; };
		FA6BBAF021ABDF7700C3B29B /* FirebaseCore.framework */ = {isa = PBXFileReference; lastKnownFileType = wrapper.framework; name = FirebaseCore.framework; path = Carthage/Build/iOS/FirebaseCore.framework; sourceTree = "<group>"; };
		FA6BBAF121ABDF7700C3B29B /* FIRAnalyticsConnector.framework */ = {isa = PBXFileReference; lastKnownFileType = wrapper.framework; name = FIRAnalyticsConnector.framework; path = Carthage/Build/iOS/FIRAnalyticsConnector.framework; sourceTree = "<group>"; };
		FA6BBAF221ABDF7700C3B29B /* GoogleUtilities.framework */ = {isa = PBXFileReference; lastKnownFileType = wrapper.framework; name = GoogleUtilities.framework; path = Carthage/Build/iOS/GoogleUtilities.framework; sourceTree = "<group>"; };
		FA6BBAF321ABDF7700C3B29B /* FirebaseInstanceID.framework */ = {isa = PBXFileReference; lastKnownFileType = wrapper.framework; name = FirebaseInstanceID.framework; path = Carthage/Build/iOS/FirebaseInstanceID.framework; sourceTree = "<group>"; };
		FA6BBAF421ABDF7800C3B29B /* FirebaseCoreDiagnostics.framework */ = {isa = PBXFileReference; lastKnownFileType = wrapper.framework; name = FirebaseCoreDiagnostics.framework; path = Carthage/Build/iOS/FirebaseCoreDiagnostics.framework; sourceTree = "<group>"; };
		FAA77AF921A6463500BC1F68 /* FirebaseCrashlyticsSampleForIOS.app */ = {isa = PBXFileReference; explicitFileType = wrapper.application; includeInIndex = 0; path = FirebaseCrashlyticsSampleForIOS.app; sourceTree = BUILT_PRODUCTS_DIR; };
		FAA77AFC21A6463500BC1F68 /* AppDelegate.swift */ = {isa = PBXFileReference; lastKnownFileType = sourcecode.swift; path = AppDelegate.swift; sourceTree = "<group>"; };
		FAA77AFE21A6463500BC1F68 /* ViewController.swift */ = {isa = PBXFileReference; lastKnownFileType = sourcecode.swift; path = ViewController.swift; sourceTree = "<group>"; };
		FAA77B0121A6463500BC1F68 /* Base */ = {isa = PBXFileReference; lastKnownFileType = file.storyboard; name = Base; path = Base.lproj/Main.storyboard; sourceTree = "<group>"; };
		FAA77B0321A6463600BC1F68 /* Assets.xcassets */ = {isa = PBXFileReference; lastKnownFileType = folder.assetcatalog; path = Assets.xcassets; sourceTree = "<group>"; };
		FAA77B0621A6463600BC1F68 /* Base */ = {isa = PBXFileReference; lastKnownFileType = file.storyboard; name = Base; path = Base.lproj/LaunchScreen.storyboard; sourceTree = "<group>"; };
		FAA77B0821A6463600BC1F68 /* Info.plist */ = {isa = PBXFileReference; lastKnownFileType = text.plist.xml; path = Info.plist; sourceTree = "<group>"; };
		FAEC6AA121A6811900502AA7 /* GoogleService-Info.plist */ = {isa = PBXFileReference; fileEncoding = 4; lastKnownFileType = text.plist.xml; path = "GoogleService-Info.plist"; sourceTree = "<group>"; };
		FAEC6AA521A68BB900502AA7 /* libsqlite3.tbd */ = {isa = PBXFileReference; lastKnownFileType = "sourcecode.text-based-dylib-definition"; name = libsqlite3.tbd; path = usr/lib/libsqlite3.tbd; sourceTree = SDKROOT; };
		FAEC6AAA21A68E1B00502AA7 /* libc++.tbd */ = {isa = PBXFileReference; lastKnownFileType = "sourcecode.text-based-dylib-definition"; name = "libc++.tbd"; path = "usr/lib/libc++.tbd"; sourceTree = SDKROOT; };
		FAEC6AAC21A68ED400502AA7 /* StoreKit.framework */ = {isa = PBXFileReference; lastKnownFileType = wrapper.framework; name = StoreKit.framework; path = System/Library/Frameworks/StoreKit.framework; sourceTree = SDKROOT; };
/* End PBXFileReference section */

/* Begin PBXFrameworksBuildPhase section */
		FAA77AF621A6463500BC1F68 /* Frameworks */ = {
			isa = PBXFrameworksBuildPhase;
			buildActionMask = 2147483647;
			files = (
				FA6BBAF521ABDF7800C3B29B /* Firebase.framework in Frameworks */,
				FA6BBAF621ABDF7800C3B29B /* nanopb.framework in Frameworks */,
				FA6BBAF721ABDF7800C3B29B /* GoogleAppMeasurement.framework in Frameworks */,
				FA6BBAF821ABDF7800C3B29B /* FirebaseAnalytics.framework in Frameworks */,
				FA6BBAF921ABDF7800C3B29B /* FirebaseCore.framework in Frameworks */,
				FA6BBAFA21ABDF7800C3B29B /* FIRAnalyticsConnector.framework in Frameworks */,
				FA6BBAFB21ABDF7800C3B29B /* GoogleUtilities.framework in Frameworks */,
				FA6BBAFC21ABDF7800C3B29B /* FirebaseInstanceID.framework in Frameworks */,
				FA6BBAFD21ABDF7800C3B29B /* FirebaseCoreDiagnostics.framework in Frameworks */,
				FA6BBAEA21ABDEF500C3B29B /* Fabric.framework in Frameworks */,
				FA6BBAEB21ABDEF500C3B29B /* Crashlytics.framework in Frameworks */,
				FA6BBA1821AB8FA800C3B29B /* StoreKit.framework in Frameworks */,
				FA6BBA6121ABC51400C3B29B /* Security.framework in Frameworks */,
				FA6BBA5F21ABC50800C3B29B /* SystemConfiguration.framework in Frameworks */,
				FAEC6AAB21A68E1B00502AA7 /* libc++.tbd in Frameworks */,
				FAEC6AA921A68E0500502AA7 /* libsqlite3.tbd in Frameworks */,
				FA6BBA6521ABC56D00C3B29B /* libz.tbd in Frameworks */,
			);
			runOnlyForDeploymentPostprocessing = 0;
		};
/* End PBXFrameworksBuildPhase section */

/* Begin PBXGroup section */
		FAA77AF021A6463500BC1F68 = {
			isa = PBXGroup;
			children = (
				FAA77AFB21A6463500BC1F68 /* FirebaseCrashlyticsSampleForIOS */,
				FAA77AFA21A6463500BC1F68 /* Products */,
				FAA77B0F21A6536F00BC1F68 /* Frameworks */,
			);
			sourceTree = "<group>";
		};
		FAA77AFA21A6463500BC1F68 /* Products */ = {
			isa = PBXGroup;
			children = (
				FAA77AF921A6463500BC1F68 /* FirebaseCrashlyticsSampleForIOS.app */,
			);
			name = Products;
			sourceTree = "<group>";
		};
		FAA77AFB21A6463500BC1F68 /* FirebaseCrashlyticsSampleForIOS */ = {
			isa = PBXGroup;
			children = (
				FAEC6AA121A6811900502AA7 /* GoogleService-Info.plist */,
				FAA77AFC21A6463500BC1F68 /* AppDelegate.swift */,
				FAA77AFE21A6463500BC1F68 /* ViewController.swift */,
				FAA77B0021A6463500BC1F68 /* Main.storyboard */,
				FAA77B0321A6463600BC1F68 /* Assets.xcassets */,
				FAA77B0521A6463600BC1F68 /* LaunchScreen.storyboard */,
				FAA77B0821A6463600BC1F68 /* Info.plist */,
			);
			path = FirebaseCrashlyticsSampleForIOS;
			sourceTree = "<group>";
		};
		FAA77B0F21A6536F00BC1F68 /* Frameworks */ = {
			isa = PBXGroup;
			children = (
				FA6BBAF121ABDF7700C3B29B /* FIRAnalyticsConnector.framework */,
				FA6BBAEC21ABDF7700C3B29B /* Firebase.framework */,
				FA6BBAEF21ABDF7700C3B29B /* FirebaseAnalytics.framework */,
				FA6BBAF021ABDF7700C3B29B /* FirebaseCore.framework */,
				FA6BBAF421ABDF7800C3B29B /* FirebaseCoreDiagnostics.framework */,
				FA6BBAF321ABDF7700C3B29B /* FirebaseInstanceID.framework */,
				FA6BBAEE21ABDF7700C3B29B /* GoogleAppMeasurement.framework */,
				FA6BBAF221ABDF7700C3B29B /* GoogleUtilities.framework */,
				FA6BBAED21ABDF7700C3B29B /* nanopb.framework */,
				FA6BBAE921ABDEF500C3B29B /* Crashlytics.framework */,
				FA6BBAE821ABDEF500C3B29B /* Fabric.framework */,
				FA6BBA6421ABC56D00C3B29B /* libz.tbd */,
				FA6BBA6221ABC54600C3B29B /* UIKit.framework */,
				FA6BBA6021ABC51400C3B29B /* Security.framework */,
				FA6BBA5E21ABC50800C3B29B /* SystemConfiguration.framework */,
				FAEC6AAC21A68ED400502AA7 /* StoreKit.framework */,
				FAEC6AAA21A68E1B00502AA7 /* libc++.tbd */,
				FAEC6AA521A68BB900502AA7 /* libsqlite3.tbd */,
			);
			name = Frameworks;
			sourceTree = "<group>";
		};
/* End PBXGroup section */

/* Begin PBXNativeTarget section */
		FAA77AF821A6463500BC1F68 /* FirebaseCrashlyticsSampleForIOS */ = {
			isa = PBXNativeTarget;
			buildConfigurationList = FAA77B0B21A6463600BC1F68 /* Build configuration list for PBXNativeTarget "FirebaseCrashlyticsSampleForIOS" */;
			buildPhases = (
				FAA77AF521A6463500BC1F68 /* Sources */,
				FAA77AF621A6463500BC1F68 /* Frameworks */,
				FAA77AF721A6463500BC1F68 /* Resources */,
				FAA77B0E21A6524900BC1F68 /* ShellScript */,
				FAA77B2A21A65C0D00BC1F68 /* ShellScript */,
			);
			buildRules = (
			);
			dependencies = (
			);
			name = FirebaseCrashlyticsSampleForIOS;
			productName = FirebaseCrashlyticsSampleForIOS;
			productReference = FAA77AF921A6463500BC1F68 /* FirebaseCrashlyticsSampleForIOS.app */;
			productType = "com.apple.product-type.application";
		};
/* End PBXNativeTarget section */

/* Begin PBXProject section */
		FAA77AF121A6463500BC1F68 /* Project object */ = {
			isa = PBXProject;
			attributes = {
				LastSwiftUpdateCheck = 1010;
				LastUpgradeCheck = 1010;
				ORGANIZATIONNAME = "Ryuichi Ishitsuka";
				TargetAttributes = {
					FAA77AF821A6463500BC1F68 = {
						CreatedOnToolsVersion = 10.1;
					};
				};
			};
			buildConfigurationList = FAA77AF421A6463500BC1F68 /* Build configuration list for PBXProject "FirebaseCrashlyticsSampleForIOS" */;
			compatibilityVersion = "Xcode 9.3";
			developmentRegion = en;
			hasScannedForEncodings = 0;
			knownRegions = (
				en,
				Base,
			);
			mainGroup = FAA77AF021A6463500BC1F68;
			productRefGroup = FAA77AFA21A6463500BC1F68 /* Products */;
			projectDirPath = "";
			projectRoot = "";
			targets = (
				FAA77AF821A6463500BC1F68 /* FirebaseCrashlyticsSampleForIOS */,
			);
		};
/* End PBXProject section */

/* Begin PBXResourcesBuildPhase section */
		FAA77AF721A6463500BC1F68 /* Resources */ = {
			isa = PBXResourcesBuildPhase;
			buildActionMask = 2147483647;
			files = (
				FAA77B0721A6463600BC1F68 /* LaunchScreen.storyboard in Resources */,
				FAEC6AA221A6811900502AA7 /* GoogleService-Info.plist in Resources */,
				FAA77B0421A6463600BC1F68 /* Assets.xcassets in Resources */,
				FAA77B0221A6463500BC1F68 /* Main.storyboard in Resources */,
			);
			runOnlyForDeploymentPostprocessing = 0;
		};
/* End PBXResourcesBuildPhase section */

/* Begin PBXShellScriptBuildPhase section */
		FAA77B0E21A6524900BC1F68 /* ShellScript */ = {
			isa = PBXShellScriptBuildPhase;
			buildActionMask = 2147483647;
			files = (
			);
			inputFileListPaths = (
			);
			inputPaths = (
			);
			outputFileListPaths = (
			);
			outputPaths = (
			);
			runOnlyForDeploymentPostprocessing = 0;
			shellPath = /bin/sh;
			shellScript = "# Type a script or drag a script file from your workspace to insert its path.\n/usr/local/bin/carthage copy-frameworks\n";
		};
		FAA77B2A21A65C0D00BC1F68 /* ShellScript */ = {
			isa = PBXShellScriptBuildPhase;
			buildActionMask = 2147483647;
			files = (
			);
			inputFileListPaths = (
			);
			inputPaths = (
				"$(BUILT_PRODUCTS_DIR)/$(INFOPLIST_PATH)",
			);
			outputFileListPaths = (
			);
			outputPaths = (
			);
			runOnlyForDeploymentPostprocessing = 0;
			shellPath = /bin/sh;
			shellScript = "# Type a script or drag a script file from your workspace to insert its path.\n\n$SRCROOT/Carthage/Build/iOS/Fabric.framework/run\n";
		};
/* End PBXShellScriptBuildPhase section */

/* Begin PBXSourcesBuildPhase section */
		FAA77AF521A6463500BC1F68 /* Sources */ = {
			isa = PBXSourcesBuildPhase;
			buildActionMask = 2147483647;
			files = (
				FAA77AFF21A6463500BC1F68 /* ViewController.swift in Sources */,
				FAA77AFD21A6463500BC1F68 /* AppDelegate.swift in Sources */,
			);
			runOnlyForDeploymentPostprocessing = 0;
		};
/* End PBXSourcesBuildPhase section */

/* Begin PBXVariantGroup section */
		FAA77B0021A6463500BC1F68 /* Main.storyboard */ = {
			isa = PBXVariantGroup;
			children = (
				FAA77B0121A6463500BC1F68 /* Base */,
			);
			name = Main.storyboard;
			sourceTree = "<group>";
		};
		FAA77B0521A6463600BC1F68 /* LaunchScreen.storyboard */ = {
			isa = PBXVariantGroup;
			children = (
				FAA77B0621A6463600BC1F68 /* Base */,
			);
			name = LaunchScreen.storyboard;
			sourceTree = "<group>";
		};
/* End PBXVariantGroup section */

/* Begin XCBuildConfiguration section */
		FAA77B0921A6463600BC1F68 /* Debug */ = {
			isa = XCBuildConfiguration;
			buildSettings = {
				ALWAYS_SEARCH_USER_PATHS = NO;
				CLANG_ANALYZER_NONNULL = YES;
				CLANG_ANALYZER_NUMBER_OBJECT_CONVERSION = YES_AGGRESSIVE;
				CLANG_CXX_LANGUAGE_STANDARD = "gnu++14";
				CLANG_CXX_LIBRARY = "libc++";
				CLANG_ENABLE_MODULES = YES;
				CLANG_ENABLE_OBJC_ARC = YES;
				CLANG_ENABLE_OBJC_WEAK = YES;
				CLANG_WARN_BLOCK_CAPTURE_AUTORELEASING = YES;
				CLANG_WARN_BOOL_CONVERSION = YES;
				CLANG_WARN_COMMA = YES;
				CLANG_WARN_CONSTANT_CONVERSION = YES;
				CLANG_WARN_DEPRECATED_OBJC_IMPLEMENTATIONS = YES;
				CLANG_WARN_DIRECT_OBJC_ISA_USAGE = YES_ERROR;
				CLANG_WARN_DOCUMENTATION_COMMENTS = YES;
				CLANG_WARN_EMPTY_BODY = YES;
				CLANG_WARN_ENUM_CONVERSION = YES;
				CLANG_WARN_INFINITE_RECURSION = YES;
				CLANG_WARN_INT_CONVERSION = YES;
				CLANG_WARN_NON_LITERAL_NULL_CONVERSION = YES;
				CLANG_WARN_OBJC_IMPLICIT_RETAIN_SELF = YES;
				CLANG_WARN_OBJC_LITERAL_CONVERSION = YES;
				CLANG_WARN_OBJC_ROOT_CLASS = YES_ERROR;
				CLANG_WARN_RANGE_LOOP_ANALYSIS = YES;
				CLANG_WARN_STRICT_PROTOTYPES = YES;
				CLANG_WARN_SUSPICIOUS_MOVE = YES;
				CLANG_WARN_UNGUARDED_AVAILABILITY = YES_AGGRESSIVE;
				CLANG_WARN_UNREACHABLE_CODE = YES;
				CLANG_WARN__DUPLICATE_METHOD_MATCH = YES;
				CODE_SIGN_IDENTITY = "iPhone Developer";
				COPY_PHASE_STRIP = NO;
				DEBUG_INFORMATION_FORMAT = "dwarf-with-dsym";
				ENABLE_STRICT_OBJC_MSGSEND = YES;
				ENABLE_TESTABILITY = YES;
				GCC_C_LANGUAGE_STANDARD = gnu11;
				GCC_DYNAMIC_NO_PIC = NO;
				GCC_NO_COMMON_BLOCKS = YES;
				GCC_OPTIMIZATION_LEVEL = 0;
				GCC_PREPROCESSOR_DEFINITIONS = (
					"DEBUG=1",
					"$(inherited)",
				);
				GCC_WARN_64_TO_32_BIT_CONVERSION = YES;
				GCC_WARN_ABOUT_RETURN_TYPE = YES_ERROR;
				GCC_WARN_UNDECLARED_SELECTOR = YES;
				GCC_WARN_UNINITIALIZED_AUTOS = YES_AGGRESSIVE;
				GCC_WARN_UNUSED_FUNCTION = YES;
				GCC_WARN_UNUSED_VARIABLE = YES;
				IPHONEOS_DEPLOYMENT_TARGET = 12.1;
				MTL_ENABLE_DEBUG_INFO = INCLUDE_SOURCE;
				MTL_FAST_MATH = YES;
				ONLY_ACTIVE_ARCH = YES;
				SDKROOT = iphoneos;
				SWIFT_ACTIVE_COMPILATION_CONDITIONS = DEBUG;
				SWIFT_OPTIMIZATION_LEVEL = "-Onone";
			};
			name = Debug;
		};
		FAA77B0A21A6463600BC1F68 /* Release */ = {
			isa = XCBuildConfiguration;
			buildSettings = {
				ALWAYS_SEARCH_USER_PATHS = NO;
				CLANG_ANALYZER_NONNULL = YES;
				CLANG_ANALYZER_NUMBER_OBJECT_CONVERSION = YES_AGGRESSIVE;
				CLANG_CXX_LANGUAGE_STANDARD = "gnu++14";
				CLANG_CXX_LIBRARY = "libc++";
				CLANG_ENABLE_MODULES = YES;
				CLANG_ENABLE_OBJC_ARC = YES;
				CLANG_ENABLE_OBJC_WEAK = YES;
				CLANG_WARN_BLOCK_CAPTURE_AUTORELEASING = YES;
				CLANG_WARN_BOOL_CONVERSION = YES;
				CLANG_WARN_COMMA = YES;
				CLANG_WARN_CONSTANT_CONVERSION = YES;
				CLANG_WARN_DEPRECATED_OBJC_IMPLEMENTATIONS = YES;
				CLANG_WARN_DIRECT_OBJC_ISA_USAGE = YES_ERROR;
				CLANG_WARN_DOCUMENTATION_COMMENTS = YES;
				CLANG_WARN_EMPTY_BODY = YES;
				CLANG_WARN_ENUM_CONVERSION = YES;
				CLANG_WARN_INFINITE_RECURSION = YES;
				CLANG_WARN_INT_CONVERSION = YES;
				CLANG_WARN_NON_LITERAL_NULL_CONVERSION = YES;
				CLANG_WARN_OBJC_IMPLICIT_RETAIN_SELF = YES;
				CLANG_WARN_OBJC_LITERAL_CONVERSION = YES;
				CLANG_WARN_OBJC_ROOT_CLASS = YES_ERROR;
				CLANG_WARN_RANGE_LOOP_ANALYSIS = YES;
				CLANG_WARN_STRICT_PROTOTYPES = YES;
				CLANG_WARN_SUSPICIOUS_MOVE = YES;
				CLANG_WARN_UNGUARDED_AVAILABILITY = YES_AGGRESSIVE;
				CLANG_WARN_UNREACHABLE_CODE = YES;
				CLANG_WARN__DUPLICATE_METHOD_MATCH = YES;
				CODE_SIGN_IDENTITY = "iPhone Developer";
				COPY_PHASE_STRIP = NO;
				DEBUG_INFORMATION_FORMAT = "dwarf-with-dsym";
				ENABLE_NS_ASSERTIONS = NO;
				ENABLE_STRICT_OBJC_MSGSEND = YES;
				GCC_C_LANGUAGE_STANDARD = gnu11;
				GCC_NO_COMMON_BLOCKS = YES;
				GCC_WARN_64_TO_32_BIT_CONVERSION = YES;
				GCC_WARN_ABOUT_RETURN_TYPE = YES_ERROR;
				GCC_WARN_UNDECLARED_SELECTOR = YES;
				GCC_WARN_UNINITIALIZED_AUTOS = YES_AGGRESSIVE;
				GCC_WARN_UNUSED_FUNCTION = YES;
				GCC_WARN_UNUSED_VARIABLE = YES;
				IPHONEOS_DEPLOYMENT_TARGET = 12.1;
				MTL_ENABLE_DEBUG_INFO = NO;
				MTL_FAST_MATH = YES;
				SDKROOT = iphoneos;
				SWIFT_COMPILATION_MODE = wholemodule;
				SWIFT_OPTIMIZATION_LEVEL = "-O";
				VALIDATE_PRODUCT = YES;
			};
			name = Release;
		};
		FAA77B0C21A6463600BC1F68 /* Debug */ = {
			isa = XCBuildConfiguration;
			buildSettings = {
				ASSETCATALOG_COMPILER_APPICON_NAME = AppIcon;
				CODE_SIGN_STYLE = Automatic;
				DEBUG_INFORMATION_FORMAT = "dwarf-with-dsym";
				DEVELOPMENT_TEAM = GLXN7A2GYY;
				ENABLE_BITCODE = NO;
				FRAMEWORK_SEARCH_PATHS = (
					"$(inherited)",
					"$(PROJECT_DIR)/Carthage/Build/iOS",
					"$(PROJECT_DIR)/FirebaseCrashlyticsSampleForIOS/**",
					"$(PROJECT_DIR)",
				);
				INFOPLIST_FILE = FirebaseCrashlyticsSampleForIOS/Info.plist;
				IPHONEOS_DEPLOYMENT_TARGET = 12.1;
				LD_RUNPATH_SEARCH_PATHS = (
					"$(inherited)",
					"@executable_path/Frameworks",
				);
				LIBRARY_SEARCH_PATHS = (
					"$(inherited)",
					"$(PROJECT_DIR)/FirebaseCrashlyticsSampleForIOS",
				);
				OTHER_LDFLAGS = "-ObjC";
				PRODUCT_BUNDLE_IDENTIFIER = com.sony.imagingedge.firebase.crashlystic.FirebaseCrashlyticsSampleForIOS;
				PRODUCT_NAME = "$(TARGET_NAME)";
				SWIFT_VERSION = 4.2;
				TARGETED_DEVICE_FAMILY = "1,2";
			};
			name = Debug;
		};
		FAA77B0D21A6463600BC1F68 /* Release */ = {
			isa = XCBuildConfiguration;
			buildSettings = {
				ASSETCATALOG_COMPILER_APPICON_NAME = AppIcon;
				CODE_SIGN_STYLE = Automatic;
				DEBUG_INFORMATION_FORMAT = "dwarf-with-dsym";
				DEVELOPMENT_TEAM = GLXN7A2GYY;
				ENABLE_BITCODE = NO;
				FRAMEWORK_SEARCH_PATHS = (
					"$(inherited)",
					"$(PROJECT_DIR)/Carthage/Build/iOS",
					"$(PROJECT_DIR)/FirebaseCrashlyticsSampleForIOS/**",
					"$(PROJECT_DIR)",
				);
				INFOPLIST_FILE = FirebaseCrashlyticsSampleForIOS/Info.plist;
				IPHONEOS_DEPLOYMENT_TARGET = 12.1;
				LD_RUNPATH_SEARCH_PATHS = (
					"$(inherited)",
					"@executable_path/Frameworks",
				);
				LIBRARY_SEARCH_PATHS = (
					"$(inherited)",
					"$(PROJECT_DIR)/FirebaseCrashlyticsSampleForIOS",
				);
				OTHER_LDFLAGS = "-ObjC";
				PRODUCT_BUNDLE_IDENTIFIER = com.sony.imagingedge.firebase.crashlystic.FirebaseCrashlyticsSampleForIOS;
				PRODUCT_NAME = "$(TARGET_NAME)";
				SWIFT_VERSION = 4.2;
				TARGETED_DEVICE_FAMILY = "1,2";
			};
			name = Release;
		};
/* End XCBuildConfiguration section */

/* Begin XCConfigurationList section */
		FAA77AF421A6463500BC1F68 /* Build configuration list for PBXProject "FirebaseCrashlyticsSampleForIOS" */ = {
			isa = XCConfigurationList;
			buildConfigurations = (
				FAA77B0921A6463600BC1F68 /* Debug */,
				FAA77B0A21A6463600BC1F68 /* Release */,
			);
			defaultConfigurationIsVisible = 0;
			defaultConfigurationName = Release;
		};
		FAA77B0B21A6463600BC1F68 /* Build configuration list for PBXNativeTarget "FirebaseCrashlyticsSampleForIOS" */ = {
			isa = XCConfigurationList;
			buildConfigurations = (
				FAA77B0C21A6463600BC1F68 /* Debug */,
				FAA77B0D21A6463600BC1F68 /* Release */,
			);
			defaultConfigurationIsVisible = 0;
			defaultConfigurationName = Release;
		};
/* End XCConfigurationList section */
	};
	rootObject = FAA77AF121A6463500BC1F68 /* Project object */;
}
